
Microsoft Visual Studio Solution File, Format Version 12.00
# Visual Studio 2012
Project("{FAE04EC0-301F-11D3-BF4B-00C04F79EFBC}") = "normal", "normal\normal.csproj", "{E36642D5-7CBA-4E9A-92E0-5F843E5750CE}"
EndProject
Global
	GlobalSection(SolutionConfigurationPlatforms) = preSolution
		Debug|Any CPU = Debug|Any CPU
		Release|Any CPU = Release|Any CPU
	EndGlobalSection
	GlobalSection(ProjectConfigurationPlatforms) = postSolution
		{E36642D5-7CBA-4E9A-92E0-5F843E5750CE}.Debug|Any CPU.ActiveCfg = Debug|Any CPU
		{E36642D5-7CBA-4E9A-92E0-5F843E5750CE}.Debug|Any CPU.Build.0 = Debug|Any CPU
		{E36642D5-7CBA-4E9A-92E0-5F843E5750CE}.Release|Any CPU.ActiveCfg = Release|Any CPU
		{E36642D5-7CBA-4E9A-92E0-5F843E5750CE}.Release|Any CPU.Build.0 = Release|Any CPU
	EndGlobalSection
	GlobalSection(SolutionProperties) = preSolution
		HideSolutionNode = FALSE
	EndGlobalSection
EndGlobal
